
Microsoft Visual Studio Solution File, Format Version 12.00
# Visual Studio Version 17
VisualStudioVersion = 17.11.35312.102
MinimumVisualStudioVersion = 10.0.40219.1
Project("{FAE04EC0-301F-11D3-BF4B-00C04F79EFBC}") = "project3_api", "project3_api\project3_api.csproj", "{70394990-27FE-4AC1-9614-6D586E33A521}"
EndProject
Global
	GlobalSection(SolutionConfigurationPlatforms) = preSolution
		Debug|Any CPU = Debug|Any CPU
		Release|Any CPU = Release|Any CPU
	EndGlobalSection
	GlobalSection(ProjectConfigurationPlatforms) = postSolution
		{70394990-27FE-4AC1-9614-6D586E33A521}.Debug|Any CPU.ActiveCfg = Debug|Any CPU
		{70394990-27FE-4AC1-9614-6D586E33A521}.Debug|Any CPU.Build.0 = Debug|Any CPU
		{70394990-27FE-4AC1-9614-6D586E33A521}.Release|Any CPU.ActiveCfg = Release|Any CPU
		{70394990-27FE-4AC1-9614-6D586E33A521}.Release|Any CPU.Build.0 = Release|Any CPU
	EndGlobalSection
	GlobalSection(SolutionProperties) = preSolution
		HideSolutionNode = FALSE
	EndGlobalSection
	GlobalSection(ExtensibilityGlobals) = postSolution
		SolutionGuid = {7BC92B88-4226-4144-A7E1-73D15F4CC6D6}
	EndGlobalSection
EndGlobal
